// !$*UTF8*$!
{
	archiveVersion = 1;
	classes = {
	};
	objectVersion = 50;
	objects = {

/* Begin PBXBuildFile section */
		23F12D772182034500BDE067 /* AppDelegate.m in Sources */ = {isa = PBXBuildFile; fileRef = 23F12D762182034500BDE067 /* AppDelegate.m */; };
		23F12D7A2182034500BDE067 /* ViewController.m in Sources */ = {isa = PBXBuildFile; fileRef = 23F12D792182034500BDE067 /* ViewController.m */; };
		23F12D7D2182034500BDE067 /* Main.storyboard in Resources */ = {isa = PBXBuildFile; fileRef = 23F12D7B2182034500BDE067 /* Main.storyboard */; };
		23F12D7F2182034600BDE067 /* Assets.xcassets in Resources */ = {isa = PBXBuildFile; fileRef = 23F12D7E2182034600BDE067 /* Assets.xcassets */; };
		23F12D822182034600BDE067 /* LaunchScreen.storyboard in Resources */ = {isa = PBXBuildFile; fileRef = 23F12D802182034600BDE067 /* LaunchScreen.storyboard */; };
		23F12D852182034600BDE067 /* main.m in Sources */ = {isa = PBXBuildFile; fileRef = 23F12D842182034600BDE067 /* main.m */; };
		23F12D922182041700BDE067 /* CustomButtonSnapshotTests.m in Sources */ = {isa = PBXBuildFile; fileRef = 23F12D912182041700BDE067 /* CustomButtonSnapshotTests.m */; };
		23F12D9B2182045E00BDE067 /* CustomButton.m in Sources */ = {isa = PBXBuildFile; fileRef = 23F12D9A2182045E00BDE067 /* CustomButton.m */; };
		59EADF5A5850164C39CE6AB9 /* Pods_SnapshotTestingTests.framework in Frameworks */ = {isa = PBXBuildFile; fileRef = D82511CFB0D9C4E07AD5A884 /* Pods_SnapshotTestingTests.framework */; };
		8FA538EB6581DA370762AD9B /* libPods-SnapshotTesting.a in Frameworks */ = {isa = PBXBuildFile; fileRef = 9C91A4AB92ABB75147BF1396 /* libPods-SnapshotTesting.a */; };
/* End PBXBuildFile section */

/* Begin PBXContainerItemProxy section */
		23F12D942182041700BDE067 /* PBXContainerItemProxy */ = {
			isa = PBXContainerItemProxy;
			containerPortal = 23F12D6A2182034500BDE067 /* Project object */;
			proxyType = 1;
			remoteGlobalIDString = 23F12D712182034500BDE067;
			remoteInfo = SnapshotTesting;
		};
/* End PBXContainerItemProxy section */

/* Begin PBXFileReference section */
		23F12D722182034500BDE067 /* SnapshotTesting.app */ = {isa = PBXFileReference; explicitFileType = wrapper.application; includeInIndex = 0; path = SnapshotTesting.app; sourceTree = BUILT_PRODUCTS_DIR; };
		23F12D752182034500BDE067 /* AppDelegate.h */ = {isa = PBXFileReference; lastKnownFileType = sourcecode.c.h; path = AppDelegate.h; sourceTree = "<group>"; };
		23F12D762182034500BDE067 /* AppDelegate.m */ = {isa = PBXFileReference; lastKnownFileType = sourcecode.c.objc; path = AppDelegate.m; sourceTree = "<group>"; };
		23F12D782182034500BDE067 /* ViewController.h */ = {isa = PBXFileReference; lastKnownFileType = sourcecode.c.h; path = ViewController.h; sourceTree = "<group>"; };
		23F12D792182034500BDE067 /* ViewController.m */ = {isa = PBXFileReference; lastKnownFileType = sourcecode.c.objc; path = ViewController.m; sourceTree = "<group>"; };
		23F12D7C2182034500BDE067 /* Base */ = {isa = PBXFileReference; lastKnownFileType = file.storyboard; name = Base; path = Base.lproj/Main.storyboard; sourceTree = "<group>"; };
		23F12D7E2182034600BDE067 /* Assets.xcassets */ = {isa = PBXFileReference; lastKnownFileType = folder.assetcatalog; path = Assets.xcassets; sourceTree = "<group>"; };
		23F12D812182034600BDE067 /* Base */ = {isa = PBXFileReference; lastKnownFileType = file.storyboard; name = Base; path = Base.lproj/LaunchScreen.storyboard; sourceTree = "<group>"; };
		23F12D832182034600BDE067 /* Info.plist */ = {isa = PBXFileReference; lastKnownFileType = text.plist.xml; path = Info.plist; sourceTree = "<group>"; };
		23F12D842182034600BDE067 /* main.m */ = {isa = PBXFileReference; lastKnownFileType = sourcecode.c.objc; path = main.m; sourceTree = "<group>"; };
		23F12D8F2182041700BDE067 /* SnapshotTestingTests.xctest */ = {isa = PBXFileReference; explicitFileType = wrapper.cfbundle; includeInIndex = 0; path = SnapshotTestingTests.xctest; sourceTree = BUILT_PRODUCTS_DIR; };
		23F12D912182041700BDE067 /* CustomButtonSnapshotTests.m */ = {isa = PBXFileReference; lastKnownFileType = sourcecode.c.objc; path = CustomButtonSnapshotTests.m; sourceTree = "<group>"; };
		23F12D932182041700BDE067 /* Info.plist */ = {isa = PBXFileReference; lastKnownFileType = text.plist.xml; path = Info.plist; sourceTree = "<group>"; };
		23F12D992182045E00BDE067 /* CustomButton.h */ = {isa = PBXFileReference; lastKnownFileType = sourcecode.c.h; path = CustomButton.h; sourceTree = "<group>"; };
		23F12D9A2182045E00BDE067 /* CustomButton.m */ = {isa = PBXFileReference; lastKnownFileType = sourcecode.c.objc; path = CustomButton.m; sourceTree = "<group>"; };
		4D9BD9CBBFA175DE15DED01B /* Pods-SnapshotTesting.debug.xcconfig */ = {isa = PBXFileReference; includeInIndex = 1; lastKnownFileType = text.xcconfig; name = "Pods-SnapshotTesting.debug.xcconfig"; path = "Pods/Target Support Files/Pods-SnapshotTesting/Pods-SnapshotTesting.debug.xcconfig"; sourceTree = "<group>"; };
		7F8DCE0979139F8D20B9D8CF /* Pods-SnapshotTestingTests.release.xcconfig */ = {isa = PBXFileReference; includeInIndex = 1; lastKnownFileType = text.xcconfig; name = "Pods-SnapshotTestingTests.release.xcconfig"; path = "Pods/Target Support Files/Pods-SnapshotTestingTests/Pods-SnapshotTestingTests.release.xcconfig"; sourceTree = "<group>"; };
		9C91A4AB92ABB75147BF1396 /* libPods-SnapshotTesting.a */ = {isa = PBXFileReference; explicitFileType = archive.ar; includeInIndex = 0; path = "libPods-SnapshotTesting.a"; sourceTree = BUILT_PRODUCTS_DIR; };
		CBC283401EC37C2C814B8385 /* Pods-SnapshotTestingTests.debug.xcconfig */ = {isa = PBXFileReference; includeInIndex = 1; lastKnownFileType = text.xcconfig; name = "Pods-SnapshotTestingTests.debug.xcconfig"; path = "Pods/Target Support Files/Pods-SnapshotTestingTests/Pods-SnapshotTestingTests.debug.xcconfig"; sourceTree = "<group>"; };
		D82511CFB0D9C4E07AD5A884 /* Pods_SnapshotTestingTests.framework */ = {isa = PBXFileReference; explicitFileType = wrapper.framework; includeInIndex = 0; path = Pods_SnapshotTestingTests.framework; sourceTree = BUILT_PRODUCTS_DIR; };
		EB7B9F20BAE271D6F6097D88 /* Pods-SnapshotTesting.release.xcconfig */ = {isa = PBXFileReference; includeInIndex = 1; lastKnownFileType = text.xcconfig; name = "Pods-SnapshotTesting.release.xcconfig"; path = "Pods/Target Support Files/Pods-SnapshotTesting/Pods-SnapshotTesting.release.xcconfig"; sourceTree = "<group>"; };
/* End PBXFileReference section */

/* Begin PBXFrameworksBuildPhase section */
		23F12D6F2182034500BDE067 /* Frameworks */ = {
			isa = PBXFrameworksBuildPhase;
			buildActionMask = 2147483647;
			files = (
				8FA538EB6581DA370762AD9B /* libPods-SnapshotTesting.a in Frameworks */,
			);
			runOnlyForDeploymentPostprocessing = 0;
		};
		23F12D8C2182041700BDE067 /* Frameworks */ = {
			isa = PBXFrameworksBuildPhase;
			buildActionMask = 2147483647;
			files = (
				59EADF5A5850164C39CE6AB9 /* Pods_SnapshotTestingTests.framework in Frameworks */,
			);
			runOnlyForDeploymentPostprocessing = 0;
		};
/* End PBXFrameworksBuildPhase section */

/* Begin PBXGroup section */
		23F12D692182034500BDE067 = {
			isa = PBXGroup;
			children = (
				23F12D742182034500BDE067 /* SnapshotTesting */,
				23F12D902182041700BDE067 /* SnapshotTestingTests */,
				23F12D732182034500BDE067 /* Products */,
				DC686A4DB884DED670D49660 /* Pods */,
				F58DCB36503E6A14B60AE722 /* Frameworks */,
			);
			sourceTree = "<group>";
		};
		23F12D732182034500BDE067 /* Products */ = {
			isa = PBXGroup;
			children = (
				23F12D722182034500BDE067 /* SnapshotTesting.app */,
				23F12D8F2182041700BDE067 /* SnapshotTestingTests.xctest */,
			);
			name = Products;
			sourceTree = "<group>";
		};
		23F12D742182034500BDE067 /* SnapshotTesting */ = {
			isa = PBXGroup;
			children = (
				23F12D752182034500BDE067 /* AppDelegate.h */,
				23F12D762182034500BDE067 /* AppDelegate.m */,
				23F12D782182034500BDE067 /* ViewController.h */,
				23F12D792182034500BDE067 /* ViewController.m */,
				23F12D7B2182034500BDE067 /* Main.storyboard */,
				23F12D7E2182034600BDE067 /* Assets.xcassets */,
				23F12D802182034600BDE067 /* LaunchScreen.storyboard */,
				23F12D832182034600BDE067 /* Info.plist */,
				23F12D842182034600BDE067 /* main.m */,
				23F12D992182045E00BDE067 /* CustomButton.h */,
				23F12D9A2182045E00BDE067 /* CustomButton.m */,
			);
			path = SnapshotTesting;
			sourceTree = "<group>";
		};
		23F12D902182041700BDE067 /* SnapshotTestingTests */ = {
			isa = PBXGroup;
			children = (
				23F12D912182041700BDE067 /* CustomButtonSnapshotTests.m */,
				23F12D932182041700BDE067 /* Info.plist */,
			);
			path = SnapshotTestingTests;
			sourceTree = "<group>";
		};
		DC686A4DB884DED670D49660 /* Pods */ = {
			isa = PBXGroup;
			children = (
				4D9BD9CBBFA175DE15DED01B /* Pods-SnapshotTesting.debug.xcconfig */,
				EB7B9F20BAE271D6F6097D88 /* Pods-SnapshotTesting.release.xcconfig */,
				CBC283401EC37C2C814B8385 /* Pods-SnapshotTestingTests.debug.xcconfig */,
				7F8DCE0979139F8D20B9D8CF /* Pods-SnapshotTestingTests.release.xcconfig */,
			);
			name = Pods;
			sourceTree = "<group>";
		};
		F58DCB36503E6A14B60AE722 /* Frameworks */ = {
			isa = PBXGroup;
			children = (
				9C91A4AB92ABB75147BF1396 /* libPods-SnapshotTesting.a */,
				D82511CFB0D9C4E07AD5A884 /* Pods_SnapshotTestingTests.framework */,
			);
			name = Frameworks;
			sourceTree = "<group>";
		};
/* End PBXGroup section */

/* Begin PBXNativeTarget section */
		23F12D712182034500BDE067 /* SnapshotTesting */ = {
			isa = PBXNativeTarget;
			buildConfigurationList = 23F12D882182034600BDE067 /* Build configuration list for PBXNativeTarget "SnapshotTesting" */;
			buildPhases = (
				F82B9DA6C39F69EC883739E7 /* [CP] Check Pods Manifest.lock */,
				23F12D6E2182034500BDE067 /* Sources */,
				23F12D6F2182034500BDE067 /* Frameworks */,
				23F12D702182034500BDE067 /* Resources */,
			);
			buildRules = (
			);
			dependencies = (
			);
			name = SnapshotTesting;
			productName = SnapshotTesting;
			productReference = 23F12D722182034500BDE067 /* SnapshotTesting.app */;
			productType = "com.apple.product-type.application";
		};
		23F12D8E2182041700BDE067 /* SnapshotTestingTests */ = {
			isa = PBXNativeTarget;
			buildConfigurationList = 23F12D982182041700BDE067 /* Build configuration list for PBXNativeTarget "SnapshotTestingTests" */;
			buildPhases = (
				2214575114FD7DCD25ABBA0F /* [CP] Check Pods Manifest.lock */,
				23F12D8B2182041700BDE067 /* Sources */,
				23F12D8C2182041700BDE067 /* Frameworks */,
				23F12D8D2182041700BDE067 /* Resources */,
				8170A624E45F836102ACB913 /* [CP] Embed Pods Frameworks */,
			);
			buildRules = (
			);
			dependencies = (
				23F12D952182041700BDE067 /* PBXTargetDependency */,
			);
			name = SnapshotTestingTests;
			productName = SnapshotTestingTests;
			productReference = 23F12D8F2182041700BDE067 /* SnapshotTestingTests.xctest */;
			productType = "com.apple.product-type.bundle.unit-test";
		};
/* End PBXNativeTarget section */

/* Begin PBXProject section */
		23F12D6A2182034500BDE067 /* Project object */ = {
			isa = PBXProject;
			attributes = {
				LastUpgradeCheck = 0940;
				ORGANIZATIONNAME = "Rami Abou Ghanem";
				TargetAttributes = {
					23F12D712182034500BDE067 = {
						CreatedOnToolsVersion = 9.4.1;
					};
					23F12D8E2182041700BDE067 = {
						CreatedOnToolsVersion = 9.4.1;
						TestTargetID = 23F12D712182034500BDE067;
					};
				};
			};
			buildConfigurationList = 23F12D6D2182034500BDE067 /* Build configuration list for PBXProject "SnapshotTesting" */;
			compatibilityVersion = "Xcode 9.3";
			developmentRegion = en;
			hasScannedForEncodings = 0;
			knownRegions = (
				en,
				Base,
			);
			mainGroup = 23F12D692182034500BDE067;
			productRefGroup = 23F12D732182034500BDE067 /* Products */;
			projectDirPath = "";
			projectRoot = "";
			targets = (
				23F12D712182034500BDE067 /* SnapshotTesting */,
				23F12D8E2182041700BDE067 /* SnapshotTestingTests */,
			);
		};
/* End PBXProject section */

/* Begin PBXResourcesBuildPhase section */
		23F12D702182034500BDE067 /* Resources */ = {
			isa = PBXResourcesBuildPhase;
			buildActionMask = 2147483647;
			files = (
				23F12D822182034600BDE067 /* LaunchScreen.storyboard in Resources */,
				23F12D7F2182034600BDE067 /* Assets.xcassets in Resources */,
				23F12D7D2182034500BDE067 /* Main.storyboard in Resources */,
			);
			runOnlyForDeploymentPostprocessing = 0;
		};
		23F12D8D2182041700BDE067 /* Resources */ = {
			isa = PBXResourcesBuildPhase;
			buildActionMask = 2147483647;
			files = (
			);
			runOnlyForDeploymentPostprocessing = 0;
		};
/* End PBXResourcesBuildPhase section */

/* Begin PBXShellScriptBuildPhase section */
		2214575114FD7DCD25ABBA0F /* [CP] Check Pods Manifest.lock */ = {
			isa = PBXShellScriptBuildPhase;
			buildActionMask = 2147483647;
			files = (
			);
			inputPaths = (
				"${PODS_PODFILE_DIR_PATH}/Podfile.lock",
				"${PODS_ROOT}/Manifest.lock",
			);
			name = "[CP] Check Pods Manifest.lock";
			outputPaths = (
				"$(DERIVED_FILE_DIR)/Pods-SnapshotTestingTests-checkManifestLockResult.txt",
			);
			runOnlyForDeploymentPostprocessing = 0;
			shellPath = /bin/sh;
			shellScript = "diff \"${PODS_PODFILE_DIR_PATH}/Podfile.lock\" \"${PODS_ROOT}/Manifest.lock\" > /dev/null\nif [ $? != 0 ] ; then\n    # print error to STDERR\n    echo \"error: The sandbox is not in sync with the Podfile.lock. Run 'pod install' or update your CocoaPods installation.\" >&2\n    exit 1\nfi\n# This output is used by Xcode 'outputs' to avoid re-running this script phase.\necho \"SUCCESS\" > \"${SCRIPT_OUTPUT_FILE_0}\"\n";
			showEnvVarsInLog = 0;
		};
		8170A624E45F836102ACB913 /* [CP] Embed Pods Frameworks */ = {
			isa = PBXShellScriptBuildPhase;
			buildActionMask = 2147483647;
			files = (
			);
			inputPaths = (
				"${SRCROOT}/Pods/Target Support Files/Pods-SnapshotTestingTests/Pods-SnapshotTestingTests-frameworks.sh",
				"${BUILT_PRODUCTS_DIR}/iOSSnapshotTestCase/FBSnapshotTestCase.framework",
			);
			name = "[CP] Embed Pods Frameworks";
			outputPaths = (
				"${TARGET_BUILD_DIR}/${FRAMEWORKS_FOLDER_PATH}/FBSnapshotTestCase.framework",
			);
			runOnlyForDeploymentPostprocessing = 0;
			shellPath = /bin/sh;
			shellScript = "\"${SRCROOT}/Pods/Target Support Files/Pods-SnapshotTestingTests/Pods-SnapshotTestingTests-frameworks.sh\"\n";
			showEnvVarsInLog = 0;
		};
		F82B9DA6C39F69EC883739E7 /* [CP] Check Pods Manifest.lock */ = {
			isa = PBXShellScriptBuildPhase;
			buildActionMask = 2147483647;
			files = (
			);
			inputPaths = (
				"${PODS_PODFILE_DIR_PATH}/Podfile.lock",
				"${PODS_ROOT}/Manifest.lock",
			);
			name = "[CP] Check Pods Manifest.lock";
			outputPaths = (
				"$(DERIVED_FILE_DIR)/Pods-SnapshotTesting-checkManifestLockResult.txt",
			);
			runOnlyForDeploymentPostprocessing = 0;
			shellPath = /bin/sh;
			shellScript = "diff \"${PODS_PODFILE_DIR_PATH}/Podfile.lock\" \"${PODS_ROOT}/Manifest.lock\" > /dev/null\nif [ $? != 0 ] ; then\n    # print error to STDERR\n    echo \"error: The sandbox is not in sync with the Podfile.lock. Run 'pod install' or update your CocoaPods installation.\" >&2\n    exit 1\nfi\n# This output is used by Xcode 'outputs' to avoid re-running this script phase.\necho \"SUCCESS\" > \"${SCRIPT_OUTPUT_FILE_0}\"\n";
			showEnvVarsInLog = 0;
		};
/* End PBXShellScriptBuildPhase section */

/* Begin PBXSourcesBuildPhase section */
		23F12D6E2182034500BDE067 /* Sources */ = {
			isa = PBXSourcesBuildPhase;
			buildActionMask = 2147483647;
			files = (
				23F12D9B2182045E00BDE067 /* CustomButton.m in Sources */,
				23F12D7A2182034500BDE067 /* ViewController.m in Sources */,
				23F12D852182034600BDE067 /* main.m in Sources */,
				23F12D772182034500BDE067 /* AppDelegate.m in Sources */,
			);
			runOnlyForDeploymentPostprocessing = 0;
		};
		23F12D8B2182041700BDE067 /* Sources */ = {
			isa = PBXSourcesBuildPhase;
			buildActionMask = 2147483647;
			files = (
				23F12D922182041700BDE067 /* CustomButtonSnapshotTests.m in Sources */,
			);
			runOnlyForDeploymentPostprocessing = 0;
		};
/* End PBXSourcesBuildPhase section */

/* Begin PBXTargetDependency section */
		23F12D952182041700BDE067 /* PBXTargetDependency */ = {
			isa = PBXTargetDependency;
			target = 23F12D712182034500BDE067 /* SnapshotTesting */;
			targetProxy = 23F12D942182041700BDE067 /* PBXContainerItemProxy */;
		};
/* End PBXTargetDependency section */

/* Begin PBXVariantGroup section */
		23F12D7B2182034500BDE067 /* Main.storyboard */ = {
			isa = PBXVariantGroup;
			children = (
				23F12D7C2182034500BDE067 /* Base */,
			);
			name = Main.storyboard;
			sourceTree = "<group>";
		};
		23F12D802182034600BDE067 /* LaunchScreen.storyboard */ = {
			isa = PBXVariantGroup;
			children = (
				23F12D812182034600BDE067 /* Base */,
			);
			name = LaunchScreen.storyboard;
			sourceTree = "<group>";
		};
/* End PBXVariantGroup section */

/* Begin XCBuildConfiguration section */
		23F12D862182034600BDE067 /* Debug */ = {
			isa = XCBuildConfiguration;
			buildSettings = {
				ALWAYS_SEARCH_USER_PATHS = NO;
				CLANG_ANALYZER_NONNULL = YES;
				CLANG_ANALYZER_NUMBER_OBJECT_CONVERSION = YES_AGGRESSIVE;
				CLANG_CXX_LANGUAGE_STANDARD = "gnu++14";
				CLANG_CXX_LIBRARY = "libc++";
				CLANG_ENABLE_MODULES = YES;
				CLANG_ENABLE_OBJC_ARC = YES;
				CLANG_ENABLE_OBJC_WEAK = YES;
				CLANG_WARN_BLOCK_CAPTURE_AUTORELEASING = YES;
				CLANG_WARN_BOOL_CONVERSION = YES;
				CLANG_WARN_COMMA = YES;
				CLANG_WARN_CONSTANT_CONVERSION = YES;
				CLANG_WARN_DEPRECATED_OBJC_IMPLEMENTATIONS = YES;
				CLANG_WARN_DIRECT_OBJC_ISA_USAGE = YES_ERROR;
				CLANG_WARN_DOCUMENTATION_COMMENTS = YES;
				CLANG_WARN_EMPTY_BODY = YES;
				CLANG_WARN_ENUM_CONVERSION = YES;
				CLANG_WARN_INFINITE_RECURSION = YES;
				CLANG_WARN_INT_CONVERSION = YES;
				CLANG_WARN_NON_LITERAL_NULL_CONVERSION = YES;
				CLANG_WARN_OBJC_IMPLICIT_RETAIN_SELF = YES;
				CLANG_WARN_OBJC_LITERAL_CONVERSION = YES;
				CLANG_WARN_OBJC_ROOT_CLASS = YES_ERROR;
				CLANG_WARN_RANGE_LOOP_ANALYSIS = YES;
				CLANG_WARN_STRICT_PROTOTYPES = YES;
				CLANG_WARN_SUSPICIOUS_MOVE = YES;
				CLANG_WARN_UNGUARDED_AVAILABILITY = YES_AGGRESSIVE;
				CLANG_WARN_UNREACHABLE_CODE = YES;
				CLANG_WARN__DUPLICATE_METHOD_MATCH = YES;
				CODE_SIGN_IDENTITY = "iPhone Developer";
				COPY_PHASE_STRIP = NO;
				DEBUG_INFORMATION_FORMAT = dwarf;
				ENABLE_STRICT_OBJC_MSGSEND = YES;
				ENABLE_TESTABILITY = YES;
				GCC_C_LANGUAGE_STANDARD = gnu11;
				GCC_DYNAMIC_NO_PIC = NO;
				GCC_NO_COMMON_BLOCKS = YES;
				GCC_OPTIMIZATION_LEVEL = 0;
				GCC_PREPROCESSOR_DEFINITIONS = (
					"DEBUG=1",
					"$(inherited)",
				);
				GCC_WARN_64_TO_32_BIT_CONVERSION = YES;
				GCC_WARN_ABOUT_RETURN_TYPE = YES_ERROR;
				GCC_WARN_UNDECLARED_SELECTOR = YES;
				GCC_WARN_UNINITIALIZED_AUTOS = YES_AGGRESSIVE;
				GCC_WARN_UNUSED_FUNCTION = YES;
				GCC_WARN_UNUSED_VARIABLE = YES;
				IPHONEOS_DEPLOYMENT_TARGET = 11.4;
				MTL_ENABLE_DEBUG_INFO = YES;
				ONLY_ACTIVE_ARCH = YES;
				SDKROOT = iphoneos;
			};
			name = Debug;
		};
		23F12D872182034600BDE067 /* Release */ = {
			isa = XCBuildConfiguration;
			buildSettings = {
				ALWAYS_SEARCH_USER_PATHS = NO;
				CLANG_ANALYZER_NONNULL = YES;
				CLANG_ANALYZER_NUMBER_OBJECT_CONVERSION = YES_AGGRESSIVE;
				CLANG_CXX_LANGUAGE_STANDARD = "gnu++14";
				CLANG_CXX_LIBRARY = "libc++";
				CLANG_ENABLE_MODULES = YES;
				CLANG_ENABLE_OBJC_ARC = YES;
				CLANG_ENABLE_OBJC_WEAK = YES;
				CLANG_WARN_BLOCK_CAPTURE_AUTORELEASING = YES;
				CLANG_WARN_BOOL_CONVERSION = YES;
				CLANG_WARN_COMMA = YES;
				CLANG_WARN_CONSTANT_CONVERSION = YES;
				CLANG_WARN_DEPRECATED_OBJC_IMPLEMENTATIONS = YES;
				CLANG_WARN_DIRECT_OBJC_ISA_USAGE = YES_ERROR;
				CLANG_WARN_DOCUMENTATION_COMMENTS = YES;
				CLANG_WARN_EMPTY_BODY = YES;
				CLANG_WARN_ENUM_CONVERSION = YES;
				CLANG_WARN_INFINITE_RECURSION = YES;
				CLANG_WARN_INT_CONVERSION = YES;
				CLANG_WARN_NON_LITERAL_NULL_CONVERSION = YES;
				CLANG_WARN_OBJC_IMPLICIT_RETAIN_SELF = YES;
				CLANG_WARN_OBJC_LITERAL_CONVERSION = YES;
				CLANG_WARN_OBJC_ROOT_CLASS = YES_ERROR;
				CLANG_WARN_RANGE_LOOP_ANALYSIS = YES;
				CLANG_WARN_STRICT_PROTOTYPES = YES;
				CLANG_WARN_SUSPICIOUS_MOVE = YES;
				CLANG_WARN_UNGUARDED_AVAILABILITY = YES_AGGRESSIVE;
				CLANG_WARN_UNREACHABLE_CODE = YES;
				CLANG_WARN__DUPLICATE_METHOD_MATCH = YES;
				CODE_SIGN_IDENTITY = "iPhone Developer";
				COPY_PHASE_STRIP = NO;
				DEBUG_INFORMATION_FORMAT = "dwarf-with-dsym";
				ENABLE_NS_ASSERTIONS = NO;
				ENABLE_STRICT_OBJC_MSGSEND = YES;
				GCC_C_LANGUAGE_STANDARD = gnu11;
				GCC_NO_COMMON_BLOCKS = YES;
				GCC_WARN_64_TO_32_BIT_CONVERSION = YES;
				GCC_WARN_ABOUT_RETURN_TYPE = YES_ERROR;
				GCC_WARN_UNDECLARED_SELECTOR = YES;
				GCC_WARN_UNINITIALIZED_AUTOS = YES_AGGRESSIVE;
				GCC_WARN_UNUSED_FUNCTION = YES;
				GCC_WARN_UNUSED_VARIABLE = YES;
				IPHONEOS_DEPLOYMENT_TARGET = 11.4;
				MTL_ENABLE_DEBUG_INFO = NO;
				SDKROOT = iphoneos;
				VALIDATE_PRODUCT = YES;
			};
			name = Release;
		};
		23F12D892182034600BDE067 /* Debug */ = {
			isa = XCBuildConfiguration;
			baseConfigurationReference = 4D9BD9CBBFA175DE15DED01B /* Pods-SnapshotTesting.debug.xcconfig */;
			buildSettings = {
				ASSETCATALOG_COMPILER_APPICON_NAME = AppIcon;
				CODE_SIGN_STYLE = Automatic;
				INFOPLIST_FILE = SnapshotTesting/Info.plist;
				LD_RUNPATH_SEARCH_PATHS = (
					"$(inherited)",
					"@executable_path/Frameworks",
				);
				PRODUCT_BUNDLE_IDENTIFIER = com.google.SnapshotTesting;
				PRODUCT_NAME = "$(TARGET_NAME)";
				TARGETED_DEVICE_FAMILY = "1,2";
			};
			name = Debug;
		};
		23F12D8A2182034600BDE067 /* Release */ = {
			isa = XCBuildConfiguration;
			baseConfigurationReference = EB7B9F20BAE271D6F6097D88 /* Pods-SnapshotTesting.release.xcconfig */;
			buildSettings = {
				ASSETCATALOG_COMPILER_APPICON_NAME = AppIcon;
				CODE_SIGN_STYLE = Automatic;
				INFOPLIST_FILE = SnapshotTesting/Info.plist;
				LD_RUNPATH_SEARCH_PATHS = (
					"$(inherited)",
					"@executable_path/Frameworks",
				);
				PRODUCT_BUNDLE_IDENTIFIER = com.google.SnapshotTesting;
				PRODUCT_NAME = "$(TARGET_NAME)";
				TARGETED_DEVICE_FAMILY = "1,2";
			};
			name = Release;
		};
		23F12D962182041700BDE067 /* Debug */ = {
			isa = XCBuildConfiguration;
			baseConfigurationReference = CBC283401EC37C2C814B8385 /* Pods-SnapshotTestingTests.debug.xcconfig */;
			buildSettings = {
				BUNDLE_LOADER = "$(TEST_HOST)";
				CODE_SIGN_STYLE = Automatic;
				INFOPLIST_FILE = SnapshotTestingTests/Info.plist;
				LD_RUNPATH_SEARCH_PATHS = (
					"$(inherited)",
					"@executable_path/Frameworks",
					"@loader_path/Frameworks",
				);
				PRODUCT_BUNDLE_IDENTIFIER = com.google.SnapshotTestingTests;
				PRODUCT_NAME = "$(TARGET_NAME)";
				TARGETED_DEVICE_FAMILY = "1,2";
				TEST_HOST = "$(BUILT_PRODUCTS_DIR)/SnapshotTesting.app/SnapshotTesting";
			};
			name = Debug;
		};
		23F12D972182041700BDE067 /* Release */ = {
			isa = XCBuildConfiguration;
			baseConfigurationReference = 7F8DCE0979139F8D20B9D8CF /* Pods-SnapshotTestingTests.release.xcconfig */;
			buildSettings = {
				BUNDLE_LOADER = "$(TEST_HOST)";
				CODE_SIGN_STYLE = Automatic;
				INFOPLIST_FILE = SnapshotTestingTests/Info.plist;
				LD_RUNPATH_SEARCH_PATHS = (
					"$(inherited)",
					"@executable_path/Frameworks",
					"@loader_path/Frameworks",
				);
				PRODUCT_BUNDLE_IDENTIFIER = com.google.SnapshotTestingTests;
				PRODUCT_NAME = "$(TARGET_NAME)";
				TARGETED_DEVICE_FAMILY = "1,2";
				TEST_HOST = "$(BUILT_PRODUCTS_DIR)/SnapshotTesting.app/SnapshotTesting";
			};
			name = Release;
		};
/* End XCBuildConfiguration section */

/* Begin XCConfigurationList section */
		23F12D6D2182034500BDE067 /* Build configuration list for PBXProject "SnapshotTesting" */ = {
			isa = XCConfigurationList;
			buildConfigurations = (
				23F12D862182034600BDE067 /* Debug */,
				23F12D872182034600BDE067 /* Release */,
			);
			defaultConfigurationIsVisible = 0;
			defaultConfigurationName = Release;
		};
		23F12D882182034600BDE067 /* Build configuration list for PBXNativeTarget "SnapshotTesting" */ = {
			isa = XCConfigurationList;
			buildConfigurations = (
				23F12D892182034600BDE067 /* Debug */,
				23F12D8A2182034600BDE067 /* Release */,
			);
			defaultConfigurationIsVisible = 0;
			defaultConfigurationName = Release;
		};
		23F12D982182041700BDE067 /* Build configuration list for PBXNativeTarget "SnapshotTestingTests" */ = {
			isa = XCConfigurationList;
			buildConfigurations = (
				23F12D962182041700BDE067 /* Debug */,
				23F12D972182041700BDE067 /* Release */,
			);
			defaultConfigurationIsVisible = 0;
			defaultConfigurationName = Release;
		};
/* End XCConfigurationList section */
	};
	rootObject = 23F12D6A2182034500BDE067 /* Project object */;
}
